
Microsoft Visual Studio Solution File, Format Version 12.00
# Visual Studio Version 17
VisualStudioVersion = 17.9.34607.119
MinimumVisualStudioVersion = 10.0.40219.1
Project("{FAE04EC0-301F-11D3-BF4B-00C04F79EFBC}") = "CodingTracker", "CodingTracker\CodingTracker.csproj", "{3AC07083-5DF0-4C83-987A-597D5A95887D}"
EndProject
Global
	GlobalSection(SolutionConfigurationPlatforms) = preSolution
		Debug|Any CPU = Debug|Any CPU
		Release|Any CPU = Release|Any CPU
	EndGlobalSection
	GlobalSection(ProjectConfigurationPlatforms) = postSolution
		{3AC07083-5DF0-4C83-987A-597D5A95887D}.Debug|Any CPU.ActiveCfg = Debug|Any CPU
		{3AC07083-5DF0-4C83-987A-597D5A95887D}.Debug|Any CPU.Build.0 = Debug|Any CPU
		{3AC07083-5DF0-4C83-987A-597D5A95887D}.Release|Any CPU.ActiveCfg = Release|Any CPU
		{3AC07083-5DF0-4C83-987A-597D5A95887D}.Release|Any CPU.Build.0 = Release|Any CPU
	EndGlobalSection
	GlobalSection(SolutionProperties) = preSolution
		HideSolutionNode = FALSE
	EndGlobalSection
	GlobalSection(ExtensibilityGlobals) = postSolution
		SolutionGuid = {E526D738-59C7-4939-8065-2F2D4F298EED}
	EndGlobalSection
EndGlobal
